
Microsoft Visual Studio Solution File, Format Version 12.00
# Visual Studio Version 17
VisualStudioVersion = 17.14.36301.6 d17.14
MinimumVisualStudioVersion = 10.0.40219.1
Project("{FAE04EC0-301F-11D3-BF4B-00C04F79EFBC}") = "CosoleJenk", "CosoleJenk\CosoleJenk.csproj", "{6A2F0176-65FD-4D83-AF5B-D1482E5810E5}"
EndProject
Global
	GlobalSection(SolutionConfigurationPlatforms) = preSolution
		Debug|Any CPU = Debug|Any CPU
		Release|Any CPU = Release|Any CPU
	EndGlobalSection
	GlobalSection(ProjectConfigurationPlatforms) = postSolution
		{6A2F0176-65FD-4D83-AF5B-D1482E5810E5}.Debug|Any CPU.ActiveCfg = Debug|Any CPU
		{6A2F0176-65FD-4D83-AF5B-D1482E5810E5}.Debug|Any CPU.Build.0 = Debug|Any CPU
		{6A2F0176-65FD-4D83-AF5B-D1482E5810E5}.Release|Any CPU.ActiveCfg = Release|Any CPU
		{6A2F0176-65FD-4D83-AF5B-D1482E5810E5}.Release|Any CPU.Build.0 = Release|Any CPU
	EndGlobalSection
	GlobalSection(SolutionProperties) = preSolution
		HideSolutionNode = FALSE
	EndGlobalSection
	GlobalSection(ExtensibilityGlobals) = postSolution
		SolutionGuid = {4A4E78AA-841F-4617-9F17-4478EB65119B}
	EndGlobalSection
EndGlobal
